
Microsoft Visual Studio Solution File, Format Version 12.00
# Visual Studio 2013
VisualStudioVersion = 12.0.31101.0
MinimumVisualStudioVersion = 10.0.40219.1
Project("{FAE04EC0-301F-11D3-BF4B-00C04F79EFBC}") = "HiveLib", "HiveLib\HiveLib.csproj", "{296B8570-BBD5-4F2C-915B-B6748C778204}"
EndProject
Project("{FAE04EC0-301F-11D3-BF4B-00C04F79EFBC}") = "UnitTestProject", "UnitTestProject\UnitTestProject.csproj", "{C216B29D-77AB-41AA-BCBE-89E544CA87C7}"
EndProject
Project("{FAE04EC0-301F-11D3-BF4B-00C04F79EFBC}") = "AIPlayerInterface", "AIPlayerInterface\AIPlayerInterface.csproj", "{93517E6A-4D12-4032-8146-DD2CC8F01493}"
EndProject
Project("{FAE04EC0-301F-11D3-BF4B-00C04F79EFBC}") = "AIJohnnyVersusRandom", "JohnnyVersusRandon\AIJohnnyVersusRandom.csproj", "{447ACEF2-24E7-4A81-AA0D-8CA07113EFFB}"
EndProject
Project("{FAE04EC0-301F-11D3-BF4B-00C04F79EFBC}") = "HiveDisplay", "WpfApplication1\HiveDisplay.csproj", "{FA3A57F0-7944-4FA2-ABC3-84C207484297}"
EndProject
Global
	GlobalSection(SolutionConfigurationPlatforms) = preSolution
		Debug|Any CPU = Debug|Any CPU
		Release|Any CPU = Release|Any CPU
	EndGlobalSection
	GlobalSection(ProjectConfigurationPlatforms) = postSolution
		{296B8570-BBD5-4F2C-915B-B6748C778204}.Debug|Any CPU.ActiveCfg = Debug|Any CPU
		{296B8570-BBD5-4F2C-915B-B6748C778204}.Debug|Any CPU.Build.0 = Debug|Any CPU
		{296B8570-BBD5-4F2C-915B-B6748C778204}.Release|Any CPU.ActiveCfg = Release|Any CPU
		{296B8570-BBD5-4F2C-915B-B6748C778204}.Release|Any CPU.Build.0 = Release|Any CPU
		{C216B29D-77AB-41AA-BCBE-89E544CA87C7}.Debug|Any CPU.ActiveCfg = Debug|Any CPU
		{C216B29D-77AB-41AA-BCBE-89E544CA87C7}.Debug|Any CPU.Build.0 = Debug|Any CPU
		{C216B29D-77AB-41AA-BCBE-89E544CA87C7}.Release|Any CPU.ActiveCfg = Release|Any CPU
		{C216B29D-77AB-41AA-BCBE-89E544CA87C7}.Release|Any CPU.Build.0 = Release|Any CPU
		{93517E6A-4D12-4032-8146-DD2CC8F01493}.Debug|Any CPU.ActiveCfg = Debug|Any CPU
		{93517E6A-4D12-4032-8146-DD2CC8F01493}.Debug|Any CPU.Build.0 = Debug|Any CPU
		{93517E6A-4D12-4032-8146-DD2CC8F01493}.Release|Any CPU.ActiveCfg = Release|Any CPU
		{93517E6A-4D12-4032-8146-DD2CC8F01493}.Release|Any CPU.Build.0 = Release|Any CPU
		{447ACEF2-24E7-4A81-AA0D-8CA07113EFFB}.Debug|Any CPU.ActiveCfg = Debug|Any CPU
		{447ACEF2-24E7-4A81-AA0D-8CA07113EFFB}.Debug|Any CPU.Build.0 = Debug|Any CPU
		{447ACEF2-24E7-4A81-AA0D-8CA07113EFFB}.Release|Any CPU.ActiveCfg = Release|Any CPU
		{447ACEF2-24E7-4A81-AA0D-8CA07113EFFB}.Release|Any CPU.Build.0 = Release|Any CPU
		{FA3A57F0-7944-4FA2-ABC3-84C207484297}.Debug|Any CPU.ActiveCfg = Debug|Any CPU
		{FA3A57F0-7944-4FA2-ABC3-84C207484297}.Debug|Any CPU.Build.0 = Debug|Any CPU
		{FA3A57F0-7944-4FA2-ABC3-84C207484297}.Release|Any CPU.ActiveCfg = Release|Any CPU
		{FA3A57F0-7944-4FA2-ABC3-84C207484297}.Release|Any CPU.Build.0 = Release|Any CPU
	EndGlobalSection
	GlobalSection(SolutionProperties) = preSolution
		HideSolutionNode = FALSE
	EndGlobalSection
EndGlobal
